Microsoft Visual Studio Solution File, Format Version 12.00
# Visual Studio 2012
Project("{FAE04EC0-301F-11D3-BF4B-00C04F79EFBC}") = "el2slservice", "el2slservice\el2slservice.csproj", "{3E03A856-EB1F-4DA0-A604-426CD26F2D1D}"
	ProjectSection(ProjectDependencies) = postProject
		{60C1E1C5-475B-4980-8B0D-CD8D53A67D19} = {60C1E1C5-475B-4980-8B0D-CD8D53A67D19}
	EndProjectSection
EndProject
Project("{FAE04EC0-301F-11D3-BF4B-00C04F79EFBC}") = "el2slconf", "el2slconf\el2slconf.csproj", "{1C295FBD-F632-41FB-BFF9-E0FABC0F308A}"
	ProjectSection(ProjectDependencies) = postProject
		{60C1E1C5-475B-4980-8B0D-CD8D53A67D19} = {60C1E1C5-475B-4980-8B0D-CD8D53A67D19}
	EndProjectSection
EndProject
Project("{FAE04EC0-301F-11D3-BF4B-00C04F79EFBC}") = "el2slbase", "el2slbase\el2slbase.csproj", "{60C1E1C5-475B-4980-8B0D-CD8D53A67D19}"
	ProjectSection(ProjectDependencies) = postProject
		{3F683C5A-55AE-472C-928D-2842F7649290} = {3F683C5A-55AE-472C-928D-2842F7649290}
	EndProjectSection
EndProject
Project("{FAE04EC0-301F-11D3-BF4B-00C04F79EFBC}") = "configuration", "configuration\configuration.csproj", "{3F683C5A-55AE-472C-928D-2842F7649290}"
EndProject
Project("{930C7802-8A8C-48F9-8165-68863BCCD9DD}") = "el2slsetup", "el2slsetup\el2slsetup.wixproj", "{39F23985-023C-472E-A1D1-9D5908C14358}"
	ProjectSection(ProjectDependencies) = postProject
		{3E03A856-EB1F-4DA0-A604-426CD26F2D1D} = {3E03A856-EB1F-4DA0-A604-426CD26F2D1D}
		{3F683C5A-55AE-472C-928D-2842F7649290} = {3F683C5A-55AE-472C-928D-2842F7649290}
		{1C295FBD-F632-41FB-BFF9-E0FABC0F308A} = {1C295FBD-F632-41FB-BFF9-E0FABC0F308A}
		{60C1E1C5-475B-4980-8B0D-CD8D53A67D19} = {60C1E1C5-475B-4980-8B0D-CD8D53A67D19}
	EndProjectSection
EndProject
Global
	GlobalSection(SolutionConfigurationPlatforms) = preSolution
		Debug|Any CPU = Debug|Any CPU
		Debug|Mixed Platforms = Debug|Mixed Platforms
		Debug|x64 = Debug|x64
		Debug|x86 = Debug|x86
		Release x64|Any CPU = Release x64|Any CPU
		Release x64|Mixed Platforms = Release x64|Mixed Platforms
		Release x64|x64 = Release x64|x64
		Release x64|x86 = Release x64|x86
		Release x86|Any CPU = Release x86|Any CPU
		Release x86|Mixed Platforms = Release x86|Mixed Platforms
		Release x86|x64 = Release x86|x64
		Release x86|x86 = Release x86|x86
		Release|Any CPU = Release|Any CPU
		Release|Mixed Platforms = Release|Mixed Platforms
		Release|x64 = Release|x64
		Release|x86 = Release|x86
	EndGlobalSection
	GlobalSection(ProjectConfigurationPlatforms) = postSolution
		{3E03A856-EB1F-4DA0-A604-426CD26F2D1D}.Debug|Any CPU.ActiveCfg = Debug|Any CPU
		{3E03A856-EB1F-4DA0-A604-426CD26F2D1D}.Debug|Any CPU.Build.0 = Debug|Any CPU
		{3E03A856-EB1F-4DA0-A604-426CD26F2D1D}.Debug|Mixed Platforms.ActiveCfg = Debug|Any CPU
		{3E03A856-EB1F-4DA0-A604-426CD26F2D1D}.Debug|Mixed Platforms.Build.0 = Debug|Any CPU
		{3E03A856-EB1F-4DA0-A604-426CD26F2D1D}.Debug|x64.ActiveCfg = Debug|Any CPU
		{3E03A856-EB1F-4DA0-A604-426CD26F2D1D}.Debug|x64.Build.0 = Debug|Any CPU
		{3E03A856-EB1F-4DA0-A604-426CD26F2D1D}.Debug|x86.ActiveCfg = Debug|Any CPU
		{3E03A856-EB1F-4DA0-A604-426CD26F2D1D}.Release x64|Any CPU.ActiveCfg = Release x64|Any CPU
		{3E03A856-EB1F-4DA0-A604-426CD26F2D1D}.Release x64|Any CPU.Build.0 = Release x64|Any CPU
		{3E03A856-EB1F-4DA0-A604-426CD26F2D1D}.Release x64|Mixed Platforms.ActiveCfg = Release x86|x86
		{3E03A856-EB1F-4DA0-A604-426CD26F2D1D}.Release x64|Mixed Platforms.Build.0 = Release x86|x86
		{3E03A856-EB1F-4DA0-A604-426CD26F2D1D}.Release x64|x64.ActiveCfg = Release x64|x64
		{3E03A856-EB1F-4DA0-A604-426CD26F2D1D}.Release x64|x64.Build.0 = Release x64|x64
		{3E03A856-EB1F-4DA0-A604-426CD26F2D1D}.Release x64|x86.ActiveCfg = Release x64|x86
		{3E03A856-EB1F-4DA0-A604-426CD26F2D1D}.Release x64|x86.Build.0 = Release x64|x86
		{3E03A856-EB1F-4DA0-A604-426CD26F2D1D}.Release x86|Any CPU.ActiveCfg = Release x86|Any CPU
		{3E03A856-EB1F-4DA0-A604-426CD26F2D1D}.Release x86|Any CPU.Build.0 = Release x86|Any CPU
		{3E03A856-EB1F-4DA0-A604-426CD26F2D1D}.Release x86|Mixed Platforms.ActiveCfg = Release x86|x86
		{3E03A856-EB1F-4DA0-A604-426CD26F2D1D}.Release x86|Mixed Platforms.Build.0 = Release x86|x86
		{3E03A856-EB1F-4DA0-A604-426CD26F2D1D}.Release x86|x64.ActiveCfg = Release x86|x86
		{3E03A856-EB1F-4DA0-A604-426CD26F2D1D}.Release x86|x64.Build.0 = Release x86|x86
		{3E03A856-EB1F-4DA0-A604-426CD26F2D1D}.Release x86|x86.ActiveCfg = Release x86|x86
		{3E03A856-EB1F-4DA0-A604-426CD26F2D1D}.Release x86|x86.Build.0 = Release x86|x86
		{3E03A856-EB1F-4DA0-A604-426CD26F2D1D}.Release|Any CPU.ActiveCfg = Release|Any CPU
		{3E03A856-EB1F-4DA0-A604-426CD26F2D1D}.Release|Any CPU.Build.0 = Release|Any CPU
		{3E03A856-EB1F-4DA0-A604-426CD26F2D1D}.Release|Mixed Platforms.ActiveCfg = Release|Any CPU
		{3E03A856-EB1F-4DA0-A604-426CD26F2D1D}.Release|Mixed Platforms.Build.0 = Release|Any CPU
		{3E03A856-EB1F-4DA0-A604-426CD26F2D1D}.Release|x64.ActiveCfg = Release|Any CPU
		{3E03A856-EB1F-4DA0-A604-426CD26F2D1D}.Release|x64.Build.0 = Release|Any CPU
		{3E03A856-EB1F-4DA0-A604-426CD26F2D1D}.Release|x86.ActiveCfg = Release|Any CPU
		{3E03A856-EB1F-4DA0-A604-426CD26F2D1D}.Release|x86.Build.0 = Release|Any CPU
		{1C295FBD-F632-41FB-BFF9-E0FABC0F308A}.Debug|Any CPU.ActiveCfg = Debug|Any CPU
		{1C295FBD-F632-41FB-BFF9-E0FABC0F308A}.Debug|Any CPU.Build.0 = Debug|Any CPU
		{1C295FBD-F632-41FB-BFF9-E0FABC0F308A}.Debug|Mixed Platforms.ActiveCfg = Debug|Any CPU
		{1C295FBD-F632-41FB-BFF9-E0FABC0F308A}.Debug|Mixed Platforms.Build.0 = Debug|Any CPU
		{1C295FBD-F632-41FB-BFF9-E0FABC0F308A}.Debug|x64.ActiveCfg = Debug|Any CPU
		{1C295FBD-F632-41FB-BFF9-E0FABC0F308A}.Debug|x64.Build.0 = Debug|Any CPU
		{1C295FBD-F632-41FB-BFF9-E0FABC0F308A}.Debug|x86.ActiveCfg = Debug|Any CPU
		{1C295FBD-F632-41FB-BFF9-E0FABC0F308A}.Release x64|Any CPU.ActiveCfg = Release x64|Any CPU
		{1C295FBD-F632-41FB-BFF9-E0FABC0F308A}.Release x64|Any CPU.Build.0 = Release x64|Any CPU
		{1C295FBD-F632-41FB-BFF9-E0FABC0F308A}.Release x64|Mixed Platforms.ActiveCfg = Release x86|x86
		{1C295FBD-F632-41FB-BFF9-E0FABC0F308A}.Release x64|Mixed Platforms.Build.0 = Release x86|x86
		{1C295FBD-F632-41FB-BFF9-E0FABC0F308A}.Release x64|x64.ActiveCfg = Release x64|x64
		{1C295FBD-F632-41FB-BFF9-E0FABC0F308A}.Release x64|x64.Build.0 = Release x64|x64
		{1C295FBD-F632-41FB-BFF9-E0FABC0F308A}.Release x64|x86.ActiveCfg = Release x64|x86
		{1C295FBD-F632-41FB-BFF9-E0FABC0F308A}.Release x64|x86.Build.0 = Release x64|x86
		{1C295FBD-F632-41FB-BFF9-E0FABC0F308A}.Release x86|Any CPU.ActiveCfg = Release x86|Any CPU
		{1C295FBD-F632-41FB-BFF9-E0FABC0F308A}.Release x86|Any CPU.Build.0 = Release x86|Any CPU
		{1C295FBD-F632-41FB-BFF9-E0FABC0F308A}.Release x86|Mixed Platforms.ActiveCfg = Release x86|x86
		{1C295FBD-F632-41FB-BFF9-E0FABC0F308A}.Release x86|Mixed Platforms.Build.0 = Release x86|x86
		{1C295FBD-F632-41FB-BFF9-E0FABC0F308A}.Release x86|x64.ActiveCfg = Release x86|x86
		{1C295FBD-F632-41FB-BFF9-E0FABC0F308A}.Release x86|x64.Build.0 = Release x86|x86
		{1C295FBD-F632-41FB-BFF9-E0FABC0F308A}.Release x86|x86.ActiveCfg = Release x86|x86
		{1C295FBD-F632-41FB-BFF9-E0FABC0F308A}.Release x86|x86.Build.0 = Release x86|x86
		{1C295FBD-F632-41FB-BFF9-E0FABC0F308A}.Release|Any CPU.ActiveCfg = Release|Any CPU
		{1C295FBD-F632-41FB-BFF9-E0FABC0F308A}.Release|Any CPU.Build.0 = Release|Any CPU
		{1C295FBD-F632-41FB-BFF9-E0FABC0F308A}.Release|Mixed Platforms.ActiveCfg = Release|Any CPU
		{1C295FBD-F632-41FB-BFF9-E0FABC0F308A}.Release|Mixed Platforms.Build.0 = Release|Any CPU
		{1C295FBD-F632-41FB-BFF9-E0FABC0F308A}.Release|x64.ActiveCfg = Release|Any CPU
		{1C295FBD-F632-41FB-BFF9-E0FABC0F308A}.Release|x64.Build.0 = Release|Any CPU
		{1C295FBD-F632-41FB-BFF9-E0FABC0F308A}.Release|x86.ActiveCfg = Release|Any CPU
		{1C295FBD-F632-41FB-BFF9-E0FABC0F308A}.Release|x86.Build.0 = Release|Any CPU
		{60C1E1C5-475B-4980-8B0D-CD8D53A67D19}.Debug|Any CPU.ActiveCfg = Debug|Any CPU
		{60C1E1C5-475B-4980-8B0D-CD8D53A67D19}.Debug|Any CPU.Build.0 = Debug|Any CPU
		{60C1E1C5-475B-4980-8B0D-CD8D53A67D19}.Debug|Mixed Platforms.ActiveCfg = Debug|Any CPU
		{60C1E1C5-475B-4980-8B0D-CD8D53A67D19}.Debug|Mixed Platforms.Build.0 = Debug|Any CPU
		{60C1E1C5-475B-4980-8B0D-CD8D53A67D19}.Debug|x64.ActiveCfg = Debug|Any CPU
		{60C1E1C5-475B-4980-8B0D-CD8D53A67D19}.Debug|x64.Build.0 = Debug|Any CPU
		{60C1E1C5-475B-4980-8B0D-CD8D53A67D19}.Debug|x86.ActiveCfg = Debug|Any CPU
		{60C1E1C5-475B-4980-8B0D-CD8D53A67D19}.Release x64|Any CPU.ActiveCfg = Release x64|Any CPU
		{60C1E1C5-475B-4980-8B0D-CD8D53A67D19}.Release x64|Any CPU.Build.0 = Release x64|Any CPU
		{60C1E1C5-475B-4980-8B0D-CD8D53A67D19}.Release x64|Mixed Platforms.ActiveCfg = Release x86|x86
		{60C1E1C5-475B-4980-8B0D-CD8D53A67D19}.Release x64|Mixed Platforms.Build.0 = Release x86|x86
		{60C1E1C5-475B-4980-8B0D-CD8D53A67D19}.Release x64|x64.ActiveCfg = Release x64|x64
		{60C1E1C5-475B-4980-8B0D-CD8D53A67D19}.Release x64|x64.Build.0 = Release x64|x64
		{60C1E1C5-475B-4980-8B0D-CD8D53A67D19}.Release x64|x86.ActiveCfg = Release x64|x86
		{60C1E1C5-475B-4980-8B0D-CD8D53A67D19}.Release x64|x86.Build.0 = Release x64|x86
		{60C1E1C5-475B-4980-8B0D-CD8D53A67D19}.Release x86|Any CPU.ActiveCfg = Release x86|Any CPU
		{60C1E1C5-475B-4980-8B0D-CD8D53A67D19}.Release x86|Any CPU.Build.0 = Release x86|Any CPU
		{60C1E1C5-475B-4980-8B0D-CD8D53A67D19}.Release x86|Mixed Platforms.ActiveCfg = Release x86|x86
		{60C1E1C5-475B-4980-8B0D-CD8D53A67D19}.Release x86|Mixed Platforms.Build.0 = Release x86|x86
		{60C1E1C5-475B-4980-8B0D-CD8D53A67D19}.Release x86|x64.ActiveCfg = Release x86|x86
		{60C1E1C5-475B-4980-8B0D-CD8D53A67D19}.Release x86|x64.Build.0 = Release x86|x86
		{60C1E1C5-475B-4980-8B0D-CD8D53A67D19}.Release x86|x86.ActiveCfg = Release x86|x86
		{60C1E1C5-475B-4980-8B0D-CD8D53A67D19}.Release x86|x86.Build.0 = Release x86|x86
		{60C1E1C5-475B-4980-8B0D-CD8D53A67D19}.Release|Any CPU.ActiveCfg = Release|Any CPU
		{60C1E1C5-475B-4980-8B0D-CD8D53A67D19}.Release|Any CPU.Build.0 = Release|Any CPU
		{60C1E1C5-475B-4980-8B0D-CD8D53A67D19}.Release|Mixed Platforms.ActiveCfg = Release|Any CPU
		{60C1E1C5-475B-4980-8B0D-CD8D53A67D19}.Release|Mixed Platforms.Build.0 = Release|Any CPU
		{60C1E1C5-475B-4980-8B0D-CD8D53A67D19}.Release|x64.ActiveCfg = Release|Any CPU
		{60C1E1C5-475B-4980-8B0D-CD8D53A67D19}.Release|x64.Build.0 = Release|Any CPU
		{60C1E1C5-475B-4980-8B0D-CD8D53A67D19}.Release|x86.ActiveCfg = Release|Any CPU
		{60C1E1C5-475B-4980-8B0D-CD8D53A67D19}.Release|x86.Build.0 = Release|Any CPU
		{3F683C5A-55AE-472C-928D-2842F7649290}.Debug|Any CPU.ActiveCfg = Debug|Any CPU
		{3F683C5A-55AE-472C-928D-2842F7649290}.Debug|Any CPU.Build.0 = Debug|Any CPU
		{3F683C5A-55AE-472C-928D-2842F7649290}.Debug|Mixed Platforms.ActiveCfg = Debug|Any CPU
		{3F683C5A-55AE-472C-928D-2842F7649290}.Debug|Mixed Platforms.Build.0 = Debug|Any CPU
		{3F683C5A-55AE-472C-928D-2842F7649290}.Debug|x64.ActiveCfg = Debug|Any CPU
		{3F683C5A-55AE-472C-928D-2842F7649290}.Debug|x64.Build.0 = Debug|Any CPU
		{3F683C5A-55AE-472C-928D-2842F7649290}.Debug|x86.ActiveCfg = Debug|Any CPU
		{3F683C5A-55AE-472C-928D-2842F7649290}.Release x64|Any CPU.ActiveCfg = Release x64|Any CPU
		{3F683C5A-55AE-472C-928D-2842F7649290}.Release x64|Any CPU.Build.0 = Release x64|Any CPU
		{3F683C5A-55AE-472C-928D-2842F7649290}.Release x64|Mixed Platforms.ActiveCfg = Release x86|x86
		{3F683C5A-55AE-472C-928D-2842F7649290}.Release x64|Mixed Platforms.Build.0 = Release x86|x86
		{3F683C5A-55AE-472C-928D-2842F7649290}.Release x64|x64.ActiveCfg = Release x64|x64
		{3F683C5A-55AE-472C-928D-2842F7649290}.Release x64|x64.Build.0 = Release x64|x64
		{3F683C5A-55AE-472C-928D-2842F7649290}.Release x64|x86.ActiveCfg = Release x64|x86
		{3F683C5A-55AE-472C-928D-2842F7649290}.Release x64|x86.Build.0 = Release x64|x86
		{3F683C5A-55AE-472C-928D-2842F7649290}.Release x86|Any CPU.ActiveCfg = Release x86|Any CPU
		{3F683C5A-55AE-472C-928D-2842F7649290}.Release x86|Any CPU.Build.0 = Release x86|Any CPU
		{3F683C5A-55AE-472C-928D-2842F7649290}.Release x86|Mixed Platforms.ActiveCfg = Release x86|x86
		{3F683C5A-55AE-472C-928D-2842F7649290}.Release x86|Mixed Platforms.Build.0 = Release x86|x86
		{3F683C5A-55AE-472C-928D-2842F7649290}.Release x86|x64.ActiveCfg = Release x86|x86
		{3F683C5A-55AE-472C-928D-2842F7649290}.Release x86|x64.Build.0 = Release x86|x86
		{3F683C5A-55AE-472C-928D-2842F7649290}.Release x86|x86.ActiveCfg = Release x86|x86
		{3F683C5A-55AE-472C-928D-2842F7649290}.Release x86|x86.Build.0 = Release x86|x86
		{3F683C5A-55AE-472C-928D-2842F7649290}.Release|Any CPU.ActiveCfg = Release|Any CPU
		{3F683C5A-55AE-472C-928D-2842F7649290}.Release|Any CPU.Build.0 = Release|Any CPU
		{3F683C5A-55AE-472C-928D-2842F7649290}.Release|Mixed Platforms.ActiveCfg = Release|Any CPU
		{3F683C5A-55AE-472C-928D-2842F7649290}.Release|Mixed Platforms.Build.0 = Release|Any CPU
		{3F683C5A-55AE-472C-928D-2842F7649290}.Release|x64.ActiveCfg = Release|Any CPU
		{3F683C5A-55AE-472C-928D-2842F7649290}.Release|x64.Build.0 = Release|Any CPU
		{3F683C5A-55AE-472C-928D-2842F7649290}.Release|x86.ActiveCfg = Release|Any CPU
		{3F683C5A-55AE-472C-928D-2842F7649290}.Release|x86.Build.0 = Release|Any CPU
		{39F23985-023C-472E-A1D1-9D5908C14358}.Debug|Any CPU.ActiveCfg = Debug|x86
		{39F23985-023C-472E-A1D1-9D5908C14358}.Debug|Mixed Platforms.ActiveCfg = Debug|x86
		{39F23985-023C-472E-A1D1-9D5908C14358}.Debug|Mixed Platforms.Build.0 = Debug|x86
		{39F23985-023C-472E-A1D1-9D5908C14358}.Debug|x64.ActiveCfg = Debug|x86
		{39F23985-023C-472E-A1D1-9D5908C14358}.Debug|x86.ActiveCfg = Debug|x86
		{39F23985-023C-472E-A1D1-9D5908C14358}.Debug|x86.Build.0 = Debug|x86
		{39F23985-023C-472E-A1D1-9D5908C14358}.Release x64|Any CPU.ActiveCfg = Release|x86
		{39F23985-023C-472E-A1D1-9D5908C14358}.Release x64|Mixed Platforms.ActiveCfg = Release|x86
		{39F23985-023C-472E-A1D1-9D5908C14358}.Release x64|Mixed Platforms.Build.0 = Release|x86
		{39F23985-023C-472E-A1D1-9D5908C14358}.Release x64|x64.ActiveCfg = Release|x86
		{39F23985-023C-472E-A1D1-9D5908C14358}.Release x64|x64.Build.0 = Release|x86
		{39F23985-023C-472E-A1D1-9D5908C14358}.Release x64|x86.ActiveCfg = Release|x86
		{39F23985-023C-472E-A1D1-9D5908C14358}.Release x64|x86.Build.0 = Release|x86
		{39F23985-023C-472E-A1D1-9D5908C14358}.Release x86|Any CPU.ActiveCfg = Release|x86
		{39F23985-023C-472E-A1D1-9D5908C14358}.Release x86|Mixed Platforms.ActiveCfg = Release|x86
		{39F23985-023C-472E-A1D1-9D5908C14358}.Release x86|Mixed Platforms.Build.0 = Release|x86
		{39F23985-023C-472E-A1D1-9D5908C14358}.Release x86|x64.ActiveCfg = Release|x86
		{39F23985-023C-472E-A1D1-9D5908C14358}.Release x86|x64.Build.0 = Release|x86
		{39F23985-023C-472E-A1D1-9D5908C14358}.Release x86|x86.ActiveCfg = Release|x86
		{39F23985-023C-472E-A1D1-9D5908C14358}.Release x86|x86.Build.0 = Release|x86
		{39F23985-023C-472E-A1D1-9D5908C14358}.Release|Any CPU.ActiveCfg = Release|x86
		{39F23985-023C-472E-A1D1-9D5908C14358}.Release|Mixed Platforms.ActiveCfg = Release|x86
		{39F23985-023C-472E-A1D1-9D5908C14358}.Release|Mixed Platforms.Build.0 = Release|x86
		{39F23985-023C-472E-A1D1-9D5908C14358}.Release|x64.ActiveCfg = Release|x86
		{39F23985-023C-472E-A1D1-9D5908C14358}.Release|x86.ActiveCfg = Release|x86
		{39F23985-023C-472E-A1D1-9D5908C14358}.Release|x86.Build.0 = Release|x86
	EndGlobalSection
	GlobalSection(SolutionProperties) = preSolution
		HideSolutionNode = FALSE
	EndGlobalSection
EndGlobal
